
Microsoft Visual Studio Solution File, Format Version 12.00
# Visual Studio Version 16
VisualStudioVersion = 16.0.28803.352
MinimumVisualStudioVersion = 10.0.40219.1
Project("{FAE04EC0-301F-11D3-BF4B-00C04F79EFBC}") = "Lesson9_HW", "Lesson9_HW\Lesson9_HW.csproj", "{82EDBAFA-430E-4D08-B52A-686099196B5A}"
EndProject
Project("{9A19103F-16F7-4668-BE54-9A1E7A4F7556}") = "Lesson9_HW_Task4", "Lesson9_HW_Task4\Lesson9_HW_Task4.csproj", "{AEC87E69-F10F-47A3-AB0F-57ACBED4463F}"
EndProject
Project("{9A19103F-16F7-4668-BE54-9A1E7A4F7556}") = "Lesson9_HW_Task5", "Lesson9_HW_Task5\Lesson9_HW_Task5.csproj", "{2FF4CBDC-6D4A-423C-8DAD-4C6036620AA6}"
EndProject
Project("{FAE04EC0-301F-11D3-BF4B-00C04F79EFBC}") = "Lesson9_HW_Task6", "Lesson9_HW_Task6\Lesson9_HW_Task6.csproj", "{2945C35D-93D4-471D-9DED-88CB4ADE0069}"
EndProject
Project("{FAE04EC0-301F-11D3-BF4B-00C04F79EFBC}") = "Lesson9_HW_Task3", "..\Lesson9_HW_Task3\Lesson9_HW_Task3\Lesson9_HW_Task3.csproj", "{8B5C6A79-9FA3-4B0D-94BA-DCC7EDB6E552}"
EndProject
Global
	GlobalSection(SolutionConfigurationPlatforms) = preSolution
		Debug|Any CPU = Debug|Any CPU
		Release|Any CPU = Release|Any CPU
	EndGlobalSection
	GlobalSection(ProjectConfigurationPlatforms) = postSolution
		{82EDBAFA-430E-4D08-B52A-686099196B5A}.Debug|Any CPU.ActiveCfg = Debug|Any CPU
		{82EDBAFA-430E-4D08-B52A-686099196B5A}.Debug|Any CPU.Build.0 = Debug|Any CPU
		{82EDBAFA-430E-4D08-B52A-686099196B5A}.Release|Any CPU.ActiveCfg = Release|Any CPU
		{82EDBAFA-430E-4D08-B52A-686099196B5A}.Release|Any CPU.Build.0 = Release|Any CPU
		{AEC87E69-F10F-47A3-AB0F-57ACBED4463F}.Debug|Any CPU.ActiveCfg = Debug|Any CPU
		{AEC87E69-F10F-47A3-AB0F-57ACBED4463F}.Debug|Any CPU.Build.0 = Debug|Any CPU
		{AEC87E69-F10F-47A3-AB0F-57ACBED4463F}.Release|Any CPU.ActiveCfg = Release|Any CPU
		{AEC87E69-F10F-47A3-AB0F-57ACBED4463F}.Release|Any CPU.Build.0 = Release|Any CPU
		{2FF4CBDC-6D4A-423C-8DAD-4C6036620AA6}.Debug|Any CPU.ActiveCfg = Debug|Any CPU
		{2FF4CBDC-6D4A-423C-8DAD-4C6036620AA6}.Debug|Any CPU.Build.0 = Debug|Any CPU
		{2FF4CBDC-6D4A-423C-8DAD-4C6036620AA6}.Release|Any CPU.ActiveCfg = Release|Any CPU
		{2FF4CBDC-6D4A-423C-8DAD-4C6036620AA6}.Release|Any CPU.Build.0 = Release|Any CPU
		{2945C35D-93D4-471D-9DED-88CB4ADE0069}.Debug|Any CPU.ActiveCfg = Debug|Any CPU
		{2945C35D-93D4-471D-9DED-88CB4ADE0069}.Debug|Any CPU.Build.0 = Debug|Any CPU
		{2945C35D-93D4-471D-9DED-88CB4ADE0069}.Release|Any CPU.ActiveCfg = Release|Any CPU
		{2945C35D-93D4-471D-9DED-88CB4ADE0069}.Release|Any CPU.Build.0 = Release|Any CPU
		{8B5C6A79-9FA3-4B0D-94BA-DCC7EDB6E552}.Debug|Any CPU.ActiveCfg = Debug|Any CPU
		{8B5C6A79-9FA3-4B0D-94BA-DCC7EDB6E552}.Debug|Any CPU.Build.0 = Debug|Any CPU
		{8B5C6A79-9FA3-4B0D-94BA-DCC7EDB6E552}.Release|Any CPU.ActiveCfg = Release|Any CPU
		{8B5C6A79-9FA3-4B0D-94BA-DCC7EDB6E552}.Release|Any CPU.Build.0 = Release|Any CPU
	EndGlobalSection
	GlobalSection(SolutionProperties) = preSolution
		HideSolutionNode = FALSE
	EndGlobalSection
	GlobalSection(ExtensibilityGlobals) = postSolution
		SolutionGuid = {CC383691-C4C2-437B-A5AD-D9B4B1290EB6}
	EndGlobalSection
EndGlobal
